// !$*UTF8*$!
{
	archiveVersion = 1;
	classes = {
	};
	objectVersion = 56;
	objects = {

/* Begin PBXBuildFile section */
		945697702BF5F8BB00EB5FA3 /* WasilaahApp.swift in Sources */ = {isa = PBXBuildFile; fileRef = 9456976F2BF5F8BB00EB5FA3 /* WasilaahApp.swift */; };
		945697722BF5F8BB00EB5FA3 /* ContentView.swift in Sources */ = {isa = PBXBuildFile; fileRef = 945697712BF5F8BB00EB5FA3 /* ContentView.swift */; };
		945697742BF5F8BD00EB5FA3 /* Assets.xcassets in Resources */ = {isa = PBXBuildFile; fileRef = 945697732BF5F8BD00EB5FA3 /* Assets.xcassets */; };
		945697772BF5F8BD00EB5FA3 /* Preview Assets.xcassets in Resources */ = {isa = PBXBuildFile; fileRef = 945697762BF5F8BD00EB5FA3 /* Preview Assets.xcassets */; };
		9456977E2BF631E000EB5FA3 /* GoogleService-Info.plist in Resources */ = {isa = PBXBuildFile; fileRef = 9456977D2BF631E000EB5FA3 /* GoogleService-Info.plist */; };
		945697822BF6322500EB5FA3 /* GoogleSignIn in Frameworks */ = {isa = PBXBuildFile; productRef = 945697812BF6322500EB5FA3 /* GoogleSignIn */; };
		945697842BF6322500EB5FA3 /* GoogleSignInSwift in Frameworks */ = {isa = PBXBuildFile; productRef = 945697832BF6322500EB5FA3 /* GoogleSignInSwift */; };
		945697872BF6325500EB5FA3 /* FirebaseAnalytics in Frameworks */ = {isa = PBXBuildFile; productRef = 945697862BF6325500EB5FA3 /* FirebaseAnalytics */; };
		945697892BF6325900EB5FA3 /* FirebaseAuth in Frameworks */ = {isa = PBXBuildFile; productRef = 945697882BF6325900EB5FA3 /* FirebaseAuth */; };
		9456978B2BF6325D00EB5FA3 /* FirebaseDatabase in Frameworks */ = {isa = PBXBuildFile; productRef = 9456978A2BF6325D00EB5FA3 /* FirebaseDatabase */; };
		9456978D2BF6326100EB5FA3 /* FirebaseFirestore in Frameworks */ = {isa = PBXBuildFile; productRef = 9456978C2BF6326100EB5FA3 /* FirebaseFirestore */; };
		9456978F2BF6326B00EB5FA3 /* FirebaseFirestoreSwift in Frameworks */ = {isa = PBXBuildFile; productRef = 9456978E2BF6326B00EB5FA3 /* FirebaseFirestoreSwift */; };
		945697912BF6327000EB5FA3 /* FirebaseStorage in Frameworks */ = {isa = PBXBuildFile; productRef = 945697902BF6327000EB5FA3 /* FirebaseStorage */; };
/* End PBXBuildFile section */

/* Begin PBXFileReference section */
		9456976C2BF5F8BB00EB5FA3 /* Wasilaah.app */ = {isa = PBXFileReference; explicitFileType = wrapper.application; includeInIndex = 0; path = Wasilaah.app; sourceTree = BUILT_PRODUCTS_DIR; };
		9456976F2BF5F8BB00EB5FA3 /* WasilaahApp.swift */ = {isa = PBXFileReference; lastKnownFileType = sourcecode.swift; path = WasilaahApp.swift; sourceTree = "<group>"; };
		945697712BF5F8BB00EB5FA3 /* ContentView.swift */ = {isa = PBXFileReference; lastKnownFileType = sourcecode.swift; path = ContentView.swift; sourceTree = "<group>"; };
		945697732BF5F8BD00EB5FA3 /* Assets.xcassets */ = {isa = PBXFileReference; lastKnownFileType = folder.assetcatalog; path = Assets.xcassets; sourceTree = "<group>"; };
		945697762BF5F8BD00EB5FA3 /* Preview Assets.xcassets */ = {isa = PBXFileReference; lastKnownFileType = folder.assetcatalog; path = "Preview Assets.xcassets"; sourceTree = "<group>"; };
		9456977D2BF631E000EB5FA3 /* GoogleService-Info.plist */ = {isa = PBXFileReference; fileEncoding = 4; lastKnownFileType = text.plist.xml; path = "GoogleService-Info.plist"; sourceTree = "<group>"; };
/* End PBXFileReference section */

/* Begin PBXFrameworksBuildPhase section */
		945697692BF5F8BB00EB5FA3 /* Frameworks */ = {
			isa = PBXFrameworksBuildPhase;
			buildActionMask = 2147483647;
			files = (
				9456978B2BF6325D00EB5FA3 /* FirebaseDatabase in Frameworks */,
				945697822BF6322500EB5FA3 /* GoogleSignIn in Frameworks */,
				945697842BF6322500EB5FA3 /* GoogleSignInSwift in Frameworks */,
				9456978F2BF6326B00EB5FA3 /* FirebaseFirestoreSwift in Frameworks */,
				945697872BF6325500EB5FA3 /* FirebaseAnalytics in Frameworks */,
				945697912BF6327000EB5FA3 /* FirebaseStorage in Frameworks */,
				945697892BF6325900EB5FA3 /* FirebaseAuth in Frameworks */,
				9456978D2BF6326100EB5FA3 /* FirebaseFirestore in Frameworks */,
			);
			runOnlyForDeploymentPostprocessing = 0;
		};
/* End PBXFrameworksBuildPhase section */

/* Begin PBXGroup section */
		945697632BF5F8BB00EB5FA3 = {
			isa = PBXGroup;
			children = (
				9456976E2BF5F8BB00EB5FA3 /* Wasilaah */,
				9456976D2BF5F8BB00EB5FA3 /* Products */,
				945697852BF6325500EB5FA3 /* Frameworks */,
			);
			sourceTree = "<group>";
		};
		9456976D2BF5F8BB00EB5FA3 /* Products */ = {
			isa = PBXGroup;
			children = (
				9456976C2BF5F8BB00EB5FA3 /* Wasilaah.app */,
			);
			name = Products;
			sourceTree = "<group>";
		};
		9456976E2BF5F8BB00EB5FA3 /* Wasilaah */ = {
			isa = PBXGroup;
			children = (
				9456977D2BF631E000EB5FA3 /* GoogleService-Info.plist */,
				9456976F2BF5F8BB00EB5FA3 /* WasilaahApp.swift */,
				945697712BF5F8BB00EB5FA3 /* ContentView.swift */,
				945697732BF5F8BD00EB5FA3 /* Assets.xcassets */,
				945697752BF5F8BD00EB5FA3 /* Preview Content */,
			);
			path = Wasilaah;
			sourceTree = "<group>";
		};
		945697752BF5F8BD00EB5FA3 /* Preview Content */ = {
			isa = PBXGroup;
			children = (
				945697762BF5F8BD00EB5FA3 /* Preview Assets.xcassets */,
			);
			path = "Preview Content";
			sourceTree = "<group>";
		};
		945697852BF6325500EB5FA3 /* Frameworks */ = {
			isa = PBXGroup;
			children = (
			);
			name = Frameworks;
			sourceTree = "<group>";
		};
/* End PBXGroup section */

/* Begin PBXNativeTarget section */
		9456976B2BF5F8BB00EB5FA3 /* Wasilaah */ = {
			isa = PBXNativeTarget;
			buildConfigurationList = 9456977A2BF5F8BD00EB5FA3 /* Build configuration list for PBXNativeTarget "Wasilaah" */;
			buildPhases = (
				945697682BF5F8BB00EB5FA3 /* Sources */,
				945697692BF5F8BB00EB5FA3 /* Frameworks */,
				9456976A2BF5F8BB00EB5FA3 /* Resources */,
			);
			buildRules = (
			);
			dependencies = (
			);
			name = Wasilaah;
			packageProductDependencies = (
				945697812BF6322500EB5FA3 /* GoogleSignIn */,
				945697832BF6322500EB5FA3 /* GoogleSignInSwift */,
				945697862BF6325500EB5FA3 /* FirebaseAnalytics */,
				945697882BF6325900EB5FA3 /* FirebaseAuth */,
				9456978A2BF6325D00EB5FA3 /* FirebaseDatabase */,
				9456978C2BF6326100EB5FA3 /* FirebaseFirestore */,
				9456978E2BF6326B00EB5FA3 /* FirebaseFirestoreSwift */,
				945697902BF6327000EB5FA3 /* FirebaseStorage */,
			);
			productName = Wasilaah;
			productReference = 9456976C2BF5F8BB00EB5FA3 /* Wasilaah.app */;
			productType = "com.apple.product-type.application";
		};
/* End PBXNativeTarget section */

/* Begin PBXProject section */
		945697642BF5F8BB00EB5FA3 /* Project object */ = {
			isa = PBXProject;
			attributes = {
				BuildIndependentTargetsInParallel = 1;
				LastSwiftUpdateCheck = 1530;
				LastUpgradeCheck = 1530;
				TargetAttributes = {
					9456976B2BF5F8BB00EB5FA3 = {
						CreatedOnToolsVersion = 15.3;
					};
				};
			};
			buildConfigurationList = 945697672BF5F8BB00EB5FA3 /* Build configuration list for PBXProject "Wasilaah" */;
			compatibilityVersion = "Xcode 14.0";
			developmentRegion = en;
			hasScannedForEncodings = 0;
			knownRegions = (
				en,
				Base,
			);
			mainGroup = 945697632BF5F8BB00EB5FA3;
			packageReferences = (
				9456977F2BF6321400EB5FA3 /* XCRemoteSwiftPackageReference "firebase-ios-sdk" */,
				945697802BF6322500EB5FA3 /* XCRemoteSwiftPackageReference "GoogleSignIn-iOS" */,
			);
			productRefGroup = 9456976D2BF5F8BB00EB5FA3 /* Products */;
			projectDirPath = "";
			projectRoot = "";
			targets = (
				9456976B2BF5F8BB00EB5FA3 /* Wasilaah */,
			);
		};
/* End PBXProject section */

/* Begin PBXResourcesBuildPhase section */
		9456976A2BF5F8BB00EB5FA3 /* Resources */ = {
			isa = PBXResourcesBuildPhase;
			buildActionMask = 2147483647;
			files = (
				945697772BF5F8BD00EB5FA3 /* Preview Assets.xcassets in Resources */,
				945697742BF5F8BD00EB5FA3 /* Assets.xcassets in Resources */,
				9456977E2BF631E000EB5FA3 /* GoogleService-Info.plist in Resources */,
			);
			runOnlyForDeploymentPostprocessing = 0;
		};
/* End PBXResourcesBuildPhase section */

/* Begin PBXSourcesBuildPhase section */
		945697682BF5F8BB00EB5FA3 /* Sources */ = {
			isa = PBXSourcesBuildPhase;
			buildActionMask = 2147483647;
			files = (
				945697722BF5F8BB00EB5FA3 /* ContentView.swift in Sources */,
				945697702BF5F8BB00EB5FA3 /* WasilaahApp.swift in Sources */,
			);
			runOnlyForDeploymentPostprocessing = 0;
		};
/* End PBXSourcesBuildPhase section */

/* Begin XCBuildConfiguration section */
		945697782BF5F8BD00EB5FA3 /* Debug */ = {
			isa = XCBuildConfiguration;
			buildSettings = {
				ALWAYS_SEARCH_USER_PATHS = NO;
				ASSETCATALOG_COMPILER_GENERATE_SWIFT_ASSET_SYMBOL_EXTENSIONS = YES;
				CLANG_ANALYZER_NONNULL = YES;
				CLANG_ANALYZER_NUMBER_OBJECT_CONVERSION = YES_AGGRESSIVE;
				CLANG_CXX_LANGUAGE_STANDARD = "gnu++20";
				CLANG_ENABLE_MODULES = YES;
				CLANG_ENABLE_OBJC_ARC = YES;
				CLANG_ENABLE_OBJC_WEAK = YES;
				CLANG_WARN_BLOCK_CAPTURE_AUTORELEASING = YES;
				CLANG_WARN_BOOL_CONVERSION = YES;
				CLANG_WARN_COMMA = YES;
				CLANG_WARN_CONSTANT_CONVERSION = YES;
				CLANG_WARN_DEPRECATED_OBJC_IMPLEMENTATIONS = YES;
				CLANG_WARN_DIRECT_OBJC_ISA_USAGE = YES_ERROR;
				CLANG_WARN_DOCUMENTATION_COMMENTS = YES;
				CLANG_WARN_EMPTY_BODY = YES;
				CLANG_WARN_ENUM_CONVERSION = YES;
				CLANG_WARN_INFINITE_RECURSION = YES;
				CLANG_WARN_INT_CONVERSION = YES;
				CLANG_WARN_NON_LITERAL_NULL_CONVERSION = YES;
				CLANG_WARN_OBJC_IMPLICIT_RETAIN_SELF = YES;
				CLANG_WARN_OBJC_LITERAL_CONVERSION = YES;
				CLANG_WARN_OBJC_ROOT_CLASS = YES_ERROR;
				CLANG_WARN_QUOTED_INCLUDE_IN_FRAMEWORK_HEADER = YES;
				CLANG_WARN_RANGE_LOOP_ANALYSIS = YES;
				CLANG_WARN_STRICT_PROTOTYPES = YES;
				CLANG_WARN_SUSPICIOUS_MOVE = YES;
				CLANG_WARN_UNGUARDED_AVAILABILITY = YES_AGGRESSIVE;
				CLANG_WARN_UNREACHABLE_CODE = YES;
				CLANG_WARN__DUPLICATE_METHOD_MATCH = YES;
				COPY_PHASE_STRIP = NO;
				DEBUG_INFORMATION_FORMAT = dwarf;
				ENABLE_STRICT_OBJC_MSGSEND = YES;
				ENABLE_TESTABILITY = YES;
				ENABLE_USER_SCRIPT_SANDBOXING = YES;
				GCC_C_LANGUAGE_STANDARD = gnu17;
				GCC_DYNAMIC_NO_PIC = NO;
				GCC_NO_COMMON_BLOCKS = YES;
				GCC_OPTIMIZATION_LEVEL = 0;
				GCC_PREPROCESSOR_DEFINITIONS = (
					"DEBUG=1",
					"$(inherited)",
				);
				GCC_WARN_64_TO_32_BIT_CONVERSION = YES;
				GCC_WARN_ABOUT_RETURN_TYPE = YES_ERROR;
				GCC_WARN_UNDECLARED_SELECTOR = YES;
				GCC_WARN_UNINITIALIZED_AUTOS = YES_AGGRESSIVE;
				GCC_WARN_UNUSED_FUNCTION = YES;
				GCC_WARN_UNUSED_VARIABLE = YES;
				IPHONEOS_DEPLOYMENT_TARGET = 17.4;
				LOCALIZATION_PREFERS_STRING_CATALOGS = YES;
				MTL_ENABLE_DEBUG_INFO = INCLUDE_SOURCE;
				MTL_FAST_MATH = YES;
				ONLY_ACTIVE_ARCH = YES;
				SDKROOT = iphoneos;
				SWIFT_ACTIVE_COMPILATION_CONDITIONS = "DEBUG $(inherited)";
				SWIFT_OPTIMIZATION_LEVEL = "-Onone";
			};
			name = Debug;
		};
		945697792BF5F8BD00EB5FA3 /* Release */ = {
			isa = XCBuildConfiguration;
			buildSettings = {
				ALWAYS_SEARCH_USER_PATHS = NO;
				ASSETCATALOG_COMPILER_GENERATE_SWIFT_ASSET_SYMBOL_EXTENSIONS = YES;
				CLANG_ANALYZER_NONNULL = YES;
				CLANG_ANALYZER_NUMBER_OBJECT_CONVERSION = YES_AGGRESSIVE;
				CLANG_CXX_LANGUAGE_STANDARD = "gnu++20";
				CLANG_ENABLE_MODULES = YES;
				CLANG_ENABLE_OBJC_ARC = YES;
				CLANG_ENABLE_OBJC_WEAK = YES;
				CLANG_WARN_BLOCK_CAPTURE_AUTORELEASING = YES;
				CLANG_WARN_BOOL_CONVERSION = YES;
				CLANG_WARN_COMMA = YES;
				CLANG_WARN_CONSTANT_CONVERSION = YES;
				CLANG_WARN_DEPRECATED_OBJC_IMPLEMENTATIONS = YES;
				CLANG_WARN_DIRECT_OBJC_ISA_USAGE = YES_ERROR;
				CLANG_WARN_DOCUMENTATION_COMMENTS = YES;
				CLANG_WARN_EMPTY_BODY = YES;
				CLANG_WARN_ENUM_CONVERSION = YES;
				CLANG_WARN_INFINITE_RECURSION = YES;
				CLANG_WARN_INT_CONVERSION = YES;
				CLANG_WARN_NON_LITERAL_NULL_CONVERSION = YES;
				CLANG_WARN_OBJC_IMPLICIT_RETAIN_SELF = YES;
				CLANG_WARN_OBJC_LITERAL_CONVERSION = YES;
				CLANG_WARN_OBJC_ROOT_CLASS = YES_ERROR;
				CLANG_WARN_QUOTED_INCLUDE_IN_FRAMEWORK_HEADER = YES;
				CLANG_WARN_RANGE_LOOP_ANALYSIS = YES;
				CLANG_WARN_STRICT_PROTOTYPES = YES;
				CLANG_WARN_SUSPICIOUS_MOVE = YES;
				CLANG_WARN_UNGUARDED_AVAILABILITY = YES_AGGRESSIVE;
				CLANG_WARN_UNREACHABLE_CODE = YES;
				CLANG_WARN__DUPLICATE_METHOD_MATCH = YES;
				COPY_PHASE_STRIP = NO;
				DEBUG_INFORMATION_FORMAT = "dwarf-with-dsym";
				ENABLE_NS_ASSERTIONS = NO;
				ENABLE_STRICT_OBJC_MSGSEND = YES;
				ENABLE_USER_SCRIPT_SANDBOXING = YES;
				GCC_C_LANGUAGE_STANDARD = gnu17;
				GCC_NO_COMMON_BLOCKS = YES;
				GCC_WARN_64_TO_32_BIT_CONVERSION = YES;
				GCC_WARN_ABOUT_RETURN_TYPE = YES_ERROR;
				GCC_WARN_UNDECLARED_SELECTOR = YES;
				GCC_WARN_UNINITIALIZED_AUTOS = YES_AGGRESSIVE;
				GCC_WARN_UNUSED_FUNCTION = YES;
				GCC_WARN_UNUSED_VARIABLE = YES;
				IPHONEOS_DEPLOYMENT_TARGET = 17.4;
				LOCALIZATION_PREFERS_STRING_CATALOGS = YES;
				MTL_ENABLE_DEBUG_INFO = NO;
				MTL_FAST_MATH = YES;
				SDKROOT = iphoneos;
				SWIFT_COMPILATION_MODE = wholemodule;
				VALIDATE_PRODUCT = YES;
			};
			name = Release;
		};
		9456977B2BF5F8BD00EB5FA3 /* Debug */ = {
			isa = XCBuildConfiguration;
			buildSettings = {
				ASSETCATALOG_COMPILER_APPICON_NAME = AppIcon;
				ASSETCATALOG_COMPILER_GLOBAL_ACCENT_COLOR_NAME = AccentColor;
				CODE_SIGN_STYLE = Automatic;
				CURRENT_PROJECT_VERSION = 1;
				DEVELOPMENT_ASSET_PATHS = "\"Wasilaah/Preview Content\"";
				DEVELOPMENT_TEAM = Y64UFA9C5L;
				ENABLE_PREVIEWS = YES;
				GENERATE_INFOPLIST_FILE = YES;
				INFOPLIST_KEY_UIApplicationSceneManifest_Generation = YES;
				INFOPLIST_KEY_UIApplicationSupportsIndirectInputEvents = YES;
				INFOPLIST_KEY_UILaunchScreen_Generation = YES;
				INFOPLIST_KEY_UISupportedInterfaceOrientations_iPad = "UIInterfaceOrientationPortrait UIInterfaceOrientationPortraitUpsideDown UIInterfaceOrientationLandscapeLeft UIInterfaceOrientationLandscapeRight";
				INFOPLIST_KEY_UISupportedInterfaceOrientations_iPhone = "UIInterfaceOrientationPortrait UIInterfaceOrientationLandscapeLeft UIInterfaceOrientationLandscapeRight";
				LD_RUNPATH_SEARCH_PATHS = (
					"$(inherited)",
					"@executable_path/Frameworks",
				);
				MARKETING_VERSION = 1.0;
				PRODUCT_BUNDLE_IDENTIFIER = Wasilaah.Wasilaah;
				PRODUCT_NAME = "$(TARGET_NAME)";
				SWIFT_EMIT_LOC_STRINGS = YES;
				SWIFT_VERSION = 5.0;
				TARGETED_DEVICE_FAMILY = "1,2";
			};
			name = Debug;
		};
		9456977C2BF5F8BD00EB5FA3 /* Release */ = {
			isa = XCBuildConfiguration;
			buildSettings = {
				ASSETCATALOG_COMPILER_APPICON_NAME = AppIcon;
				ASSETCATALOG_COMPILER_GLOBAL_ACCENT_COLOR_NAME = AccentColor;
				CODE_SIGN_STYLE = Automatic;
				CURRENT_PROJECT_VERSION = 1;
				DEVELOPMENT_ASSET_PATHS = "\"Wasilaah/Preview Content\"";
				DEVELOPMENT_TEAM = Y64UFA9C5L;
				ENABLE_PREVIEWS = YES;
				GENERATE_INFOPLIST_FILE = YES;
				INFOPLIST_KEY_UIApplicationSceneManifest_Generation = YES;
				INFOPLIST_KEY_UIApplicationSupportsIndirectInputEvents = YES;
				INFOPLIST_KEY_UILaunchScreen_Generation = YES;
				INFOPLIST_KEY_UISupportedInterfaceOrientations_iPad = "UIInterfaceOrientationPortrait UIInterfaceOrientationPortraitUpsideDown UIInterfaceOrientationLandscapeLeft UIInterfaceOrientationLandscapeRight";
				INFOPLIST_KEY_UISupportedInterfaceOrientations_iPhone = "UIInterfaceOrientationPortrait UIInterfaceOrientationLandscapeLeft UIInterfaceOrientationLandscapeRight";
				LD_RUNPATH_SEARCH_PATHS = (
					"$(inherited)",
					"@executable_path/Frameworks",
				);
				MARKETING_VERSION = 1.0;
				PRODUCT_BUNDLE_IDENTIFIER = Wasilaah.Wasilaah;
				PRODUCT_NAME = "$(TARGET_NAME)";
				SWIFT_EMIT_LOC_STRINGS = YES;
				SWIFT_VERSION = 5.0;
				TARGETED_DEVICE_FAMILY = "1,2";
			};
			name = Release;
		};
/* End XCBuildConfiguration section */

/* Begin XCConfigurationList section */
		945697672BF5F8BB00EB5FA3 /* Build configuration list for PBXProject "Wasilaah" */ = {
			isa = XCConfigurationList;
			buildConfigurations = (
				945697782BF5F8BD00EB5FA3 /* Debug */,
				945697792BF5F8BD00EB5FA3 /* Release */,
			);
			defaultConfigurationIsVisible = 0;
			defaultConfigurationName = Release;
		};
		9456977A2BF5F8BD00EB5FA3 /* Build configuration list for PBXNativeTarget "Wasilaah" */ = {
			isa = XCConfigurationList;
			buildConfigurations = (
				9456977B2BF5F8BD00EB5FA3 /* Debug */,
				9456977C2BF5F8BD00EB5FA3 /* Release */,
			);
			defaultConfigurationIsVisible = 0;
			defaultConfigurationName = Release;
		};
/* End XCConfigurationList section */

/* Begin XCRemoteSwiftPackageReference section */
		9456977F2BF6321400EB5FA3 /* XCRemoteSwiftPackageReference "firebase-ios-sdk" */ = {
			isa = XCRemoteSwiftPackageReference;
			repositoryURL = "https://github.com/firebase/firebase-ios-sdk";
			requirement = {
				kind = upToNextMajorVersion;
				minimumVersion = 10.26.0;
			};
		};
		945697802BF6322500EB5FA3 /* XCRemoteSwiftPackageReference "GoogleSignIn-iOS" */ = {
			isa = XCRemoteSwiftPackageReference;
			repositoryURL = "https://github.com/google/GoogleSignIn-iOS";
			requirement = {
				kind = upToNextMajorVersion;
				minimumVersion = 7.1.0;
			};
		};
/* End XCRemoteSwiftPackageReference section */

/* Begin XCSwiftPackageProductDependency section */
		945697812BF6322500EB5FA3 /* GoogleSignIn */ = {
			isa = XCSwiftPackageProductDependency;
			package = 945697802BF6322500EB5FA3 /* XCRemoteSwiftPackageReference "GoogleSignIn-iOS" */;
			productName = GoogleSignIn;
		};
		945697832BF6322500EB5FA3 /* GoogleSignInSwift */ = {
			isa = XCSwiftPackageProductDependency;
			package = 945697802BF6322500EB5FA3 /* XCRemoteSwiftPackageReference "GoogleSignIn-iOS" */;
			productName = GoogleSignInSwift;
		};
		945697862BF6325500EB5FA3 /* FirebaseAnalytics */ = {
			isa = XCSwiftPackageProductDependency;
			package = 9456977F2BF6321400EB5FA3 /* XCRemoteSwiftPackageReference "firebase-ios-sdk" */;
			productName = FirebaseAnalytics;
		};
		945697882BF6325900EB5FA3 /* FirebaseAuth */ = {
			isa = XCSwiftPackageProductDependency;
			package = 9456977F2BF6321400EB5FA3 /* XCRemoteSwiftPackageReference "firebase-ios-sdk" */;
			productName = FirebaseAuth;
		};
		9456978A2BF6325D00EB5FA3 /* FirebaseDatabase */ = {
			isa = XCSwiftPackageProductDependency;
			package = 9456977F2BF6321400EB5FA3 /* XCRemoteSwiftPackageReference "firebase-ios-sdk" */;
			productName = FirebaseDatabase;
		};
		9456978C2BF6326100EB5FA3 /* FirebaseFirestore */ = {
			isa = XCSwiftPackageProductDependency;
			package = 9456977F2BF6321400EB5FA3 /* XCRemoteSwiftPackageReference "firebase-ios-sdk" */;
			productName = FirebaseFirestore;
		};
		9456978E2BF6326B00EB5FA3 /* FirebaseFirestoreSwift */ = {
			isa = XCSwiftPackageProductDependency;
			package = 9456977F2BF6321400EB5FA3 /* XCRemoteSwiftPackageReference "firebase-ios-sdk" */;
			productName = FirebaseFirestoreSwift;
		};
		945697902BF6327000EB5FA3 /* FirebaseStorage */ = {
			isa = XCSwiftPackageProductDependency;
			package = 9456977F2BF6321400EB5FA3 /* XCRemoteSwiftPackageReference "firebase-ios-sdk" */;
			productName = FirebaseStorage;
		};
/* End XCSwiftPackageProductDependency section */
	};
	rootObject = 945697642BF5F8BB00EB5FA3 /* Project object */;
}
